
Microsoft Visual Studio Solution File, Format Version 12.00
# Visual Studio Version 16
VisualStudioVersion = 16.0.30104.148
MinimumVisualStudioVersion = 10.0.40219.1
Project("{FAE04EC0-301F-11D3-BF4B-00C04F79EFBC}") = "Problem1000", "Problem1000.csproj", "{6053B32B-7C32-49D9-A11F-A408BC113EDD}"
EndProject
Global
	GlobalSection(SolutionConfigurationPlatforms) = preSolution
		Debug|Any CPU = Debug|Any CPU
		Release|Any CPU = Release|Any CPU
	EndGlobalSection
	GlobalSection(ProjectConfigurationPlatforms) = postSolution
		{6053B32B-7C32-49D9-A11F-A408BC113EDD}.Debug|Any CPU.ActiveCfg = Debug|Any CPU
		{6053B32B-7C32-49D9-A11F-A408BC113EDD}.Debug|Any CPU.Build.0 = Debug|Any CPU
		{6053B32B-7C32-49D9-A11F-A408BC113EDD}.Release|Any CPU.ActiveCfg = Release|Any CPU
		{6053B32B-7C32-49D9-A11F-A408BC113EDD}.Release|Any CPU.Build.0 = Release|Any CPU
	EndGlobalSection
	GlobalSection(SolutionProperties) = preSolution
		HideSolutionNode = FALSE
	EndGlobalSection
	GlobalSection(ExtensibilityGlobals) = postSolution
		SolutionGuid = {5D057234-EBA5-4E0C-96FA-FF330AE6E6FD}
	EndGlobalSection
EndGlobal
