
Microsoft Visual Studio Solution File, Format Version 12.00
# Visual Studio Version 16
VisualStudioVersion = 16.0.30128.74
MinimumVisualStudioVersion = 10.0.40219.1
Project("{FAE04EC0-301F-11D3-BF4B-00C04F79EFBC}") = "Pratice", "Pratice.csproj", "{A9971B6B-4932-488A-B5EA-748848D73A59}"
EndProject
Global
	GlobalSection(SolutionConfigurationPlatforms) = preSolution
		Debug|Any CPU = Debug|Any CPU
		Release|Any CPU = Release|Any CPU
	EndGlobalSection
	GlobalSection(ProjectConfigurationPlatforms) = postSolution
		{A9971B6B-4932-488A-B5EA-748848D73A59}.Debug|Any CPU.ActiveCfg = Debug|Any CPU
		{A9971B6B-4932-488A-B5EA-748848D73A59}.Debug|Any CPU.Build.0 = Debug|Any CPU
		{A9971B6B-4932-488A-B5EA-748848D73A59}.Release|Any CPU.ActiveCfg = Release|Any CPU
		{A9971B6B-4932-488A-B5EA-748848D73A59}.Release|Any CPU.Build.0 = Release|Any CPU
	EndGlobalSection
	GlobalSection(SolutionProperties) = preSolution
		HideSolutionNode = FALSE
	EndGlobalSection
	GlobalSection(ExtensibilityGlobals) = postSolution
		SolutionGuid = {8F0E5D13-8481-4D8F-B160-05666FA547C3}
	EndGlobalSection
EndGlobal
